
Microsoft Visual Studio Solution File, Format Version 12.00
# Visual Studio Version 17
VisualStudioVersion = 17.3.32901.215
MinimumVisualStudioVersion = 10.0.40219.1
Project("{FAE04EC0-301F-11D3-BF4B-00C04F79EFBC}") = "цикоы", "цикоы\цикоы.csproj", "{49DC572C-FC24-4350-B731-0643E8E7020A}"
EndProject
Global
	GlobalSection(SolutionConfigurationPlatforms) = preSolution
		Debug|Any CPU = Debug|Any CPU
		Release|Any CPU = Release|Any CPU
	EndGlobalSection
	GlobalSection(ProjectConfigurationPlatforms) = postSolution
		{49DC572C-FC24-4350-B731-0643E8E7020A}.Debug|Any CPU.ActiveCfg = Debug|Any CPU
		{49DC572C-FC24-4350-B731-0643E8E7020A}.Debug|Any CPU.Build.0 = Debug|Any CPU
		{49DC572C-FC24-4350-B731-0643E8E7020A}.Release|Any CPU.ActiveCfg = Release|Any CPU
		{49DC572C-FC24-4350-B731-0643E8E7020A}.Release|Any CPU.Build.0 = Release|Any CPU
	EndGlobalSection
	GlobalSection(SolutionProperties) = preSolution
		HideSolutionNode = FALSE
	EndGlobalSection
	GlobalSection(ExtensibilityGlobals) = postSolution
		SolutionGuid = {63E55E44-6124-4FBC-ACF8-455BCC3A950A}
	EndGlobalSection
EndGlobal
